
Microsoft Visual Studio Solution File, Format Version 12.00
# Visual Studio 15
VisualStudioVersion = 15.0.28307.902
MinimumVisualStudioVersion = 10.0.40219.1
Project("{FAE04EC0-301F-11D3-BF4B-00C04F79EFBC}") = "MorseCodeTrainer", "MorseCodeTrainer\MorseCodeTrainer.csproj", "{38EA4FAC-CDE4-46BB-B175-449E1BF8810E}"
EndProject
Global
	GlobalSection(SolutionConfigurationPlatforms) = preSolution
		Debug|Any CPU = Debug|Any CPU
		Release|Any CPU = Release|Any CPU
	EndGlobalSection
	GlobalSection(ProjectConfigurationPlatforms) = postSolution
		{38EA4FAC-CDE4-46BB-B175-449E1BF8810E}.Debug|Any CPU.ActiveCfg = Debug|Any CPU
		{38EA4FAC-CDE4-46BB-B175-449E1BF8810E}.Debug|Any CPU.Build.0 = Debug|Any CPU
		{38EA4FAC-CDE4-46BB-B175-449E1BF8810E}.Release|Any CPU.ActiveCfg = Release|Any CPU
		{38EA4FAC-CDE4-46BB-B175-449E1BF8810E}.Release|Any CPU.Build.0 = Release|Any CPU
	EndGlobalSection
	GlobalSection(SolutionProperties) = preSolution
		HideSolutionNode = FALSE
	EndGlobalSection
	GlobalSection(ExtensibilityGlobals) = postSolution
		SolutionGuid = {CE372364-CE2D-40EA-B899-2471E8048ECC}
	EndGlobalSection
EndGlobal
